
Microsoft Visual Studio Solution File, Format Version 12.00
# Visual Studio 15
VisualStudioVersion = 15.0.28307.902
MinimumVisualStudioVersion = 10.0.40219.1
Project("{FAE04EC0-301F-11D3-BF4B-00C04F79EFBC}") = "ConsoleApp2", "ConsoleApp2\ConsoleApp2.csproj", "{8DDA3FF0-A207-4D30-A31A-7A7FDA588336}"
EndProject
Project("{9A19103F-16F7-4668-BE54-9A1E7A4F7556}") = "NUnitTestProject1", "NUnitTestProject1\NUnitTestProject1.csproj", "{769AF73E-BEC1-4D95-9F26-0FA19926A6A7}"
EndProject
Global
	GlobalSection(SolutionConfigurationPlatforms) = preSolution
		Debug|Any CPU = Debug|Any CPU
		Release|Any CPU = Release|Any CPU
		x64|Any CPU = x64|Any CPU
	EndGlobalSection
	GlobalSection(ProjectConfigurationPlatforms) = postSolution
		{8DDA3FF0-A207-4D30-A31A-7A7FDA588336}.Debug|Any CPU.ActiveCfg = Debug|Any CPU
		{8DDA3FF0-A207-4D30-A31A-7A7FDA588336}.Debug|Any CPU.Build.0 = Debug|Any CPU
		{8DDA3FF0-A207-4D30-A31A-7A7FDA588336}.Release|Any CPU.ActiveCfg = Release|Any CPU
		{8DDA3FF0-A207-4D30-A31A-7A7FDA588336}.Release|Any CPU.Build.0 = Release|Any CPU
		{8DDA3FF0-A207-4D30-A31A-7A7FDA588336}.x64|Any CPU.ActiveCfg = Debug|Any CPU
		{8DDA3FF0-A207-4D30-A31A-7A7FDA588336}.x64|Any CPU.Build.0 = Debug|Any CPU
		{769AF73E-BEC1-4D95-9F26-0FA19926A6A7}.Debug|Any CPU.ActiveCfg = Debug|Any CPU
		{769AF73E-BEC1-4D95-9F26-0FA19926A6A7}.Debug|Any CPU.Build.0 = Debug|Any CPU
		{769AF73E-BEC1-4D95-9F26-0FA19926A6A7}.Release|Any CPU.ActiveCfg = Release|Any CPU
		{769AF73E-BEC1-4D95-9F26-0FA19926A6A7}.Release|Any CPU.Build.0 = Release|Any CPU
		{769AF73E-BEC1-4D95-9F26-0FA19926A6A7}.x64|Any CPU.ActiveCfg = Debug|Any CPU
		{769AF73E-BEC1-4D95-9F26-0FA19926A6A7}.x64|Any CPU.Build.0 = Debug|Any CPU
	EndGlobalSection
	GlobalSection(SolutionProperties) = preSolution
		HideSolutionNode = FALSE
	EndGlobalSection
	GlobalSection(ExtensibilityGlobals) = postSolution
		SolutionGuid = {E0B6EAB8-2B95-4763-A5BF-6BAAF9C35ED5}
	EndGlobalSection
EndGlobal
